
Microsoft Visual Studio Solution File, Format Version 12.00
# Visual Studio Version 16
VisualStudioVersion = 16.0.32002.261
MinimumVisualStudioVersion = 10.0.40219.1
Project("{FAE04EC0-301F-11D3-BF4B-00C04F79EFBC}") = "Barclay.Wilma.Service.CUNY", "Barclay.Wilma.Service.CUNY.csproj", "{153E4318-08DA-4CDB-BAAD-A3DA385D46A0}"
EndProject
Project("{FAE04EC0-301F-11D3-BF4B-00C04F79EFBC}") = "Barclay.Wilma.Service.CUNY.STest", "..\Barclay.Wilma.Service.CUNY.STest\Barclay.Wilma.Service.CUNY.STest.csproj", "{7F6E91B1-4D4C-47F3-9F1B-24CBFD6D425C}"
EndProject
Global
	GlobalSection(SolutionConfigurationPlatforms) = preSolution
		Debug|Any CPU = Debug|Any CPU
		Release|Any CPU = Release|Any CPU
	EndGlobalSection
	GlobalSection(ProjectConfigurationPlatforms) = postSolution
		{153E4318-08DA-4CDB-BAAD-A3DA385D46A0}.Debug|Any CPU.ActiveCfg = Debug|Any CPU
		{153E4318-08DA-4CDB-BAAD-A3DA385D46A0}.Debug|Any CPU.Build.0 = Debug|Any CPU
		{153E4318-08DA-4CDB-BAAD-A3DA385D46A0}.Release|Any CPU.ActiveCfg = Release|Any CPU
		{153E4318-08DA-4CDB-BAAD-A3DA385D46A0}.Release|Any CPU.Build.0 = Release|Any CPU
		{7F6E91B1-4D4C-47F3-9F1B-24CBFD6D425C}.Debug|Any CPU.ActiveCfg = Debug|Any CPU
		{7F6E91B1-4D4C-47F3-9F1B-24CBFD6D425C}.Debug|Any CPU.Build.0 = Debug|Any CPU
		{7F6E91B1-4D4C-47F3-9F1B-24CBFD6D425C}.Release|Any CPU.ActiveCfg = Release|Any CPU
		{7F6E91B1-4D4C-47F3-9F1B-24CBFD6D425C}.Release|Any CPU.Build.0 = Release|Any CPU
	EndGlobalSection
	GlobalSection(SolutionProperties) = preSolution
		HideSolutionNode = FALSE
	EndGlobalSection
	GlobalSection(ExtensibilityGlobals) = postSolution
		SolutionGuid = {F73A37E8-6EA0-4D97-AC91-ECD4FA62D0F7}
	EndGlobalSection
EndGlobal
